# THIS IS AN AUTOGENERATED FILE. DO NOT EDIT THIS FILE DIRECTLY.
# yarn lockfile v1


ansi-regex@^2.0.0:
  version "2.1.1"
  resolved "https://registry.yarnpkg.com/ansi-regex/-/ansi-regex-2.1.1.tgz#c3b33ab5ee360d86e0e628f0468ae7ef27d654df"

ansi-styles@^2.2.1:
  version "2.2.1"
  resolved "https://registry.yarnpkg.com/ansi-styles/-/ansi-styles-2.2.1.tgz#b432dd3358b634cf75e1e4664368240533c1ddbe"

ansi-styles@^3.1.0:
  version "3.2.0"
  resolved "https://registry.yarnpkg.com/ansi-styles/-/ansi-styles-3.2.0.tgz#c159b8d5be0f9e5a6f346dab94f16ce022161b88"
  dependencies:
    color-convert "^1.9.0"

autoprefixer@^7.1.1:
  version "7.1.5"
  resolved "https://registry.yarnpkg.com/autoprefixer/-/autoprefixer-7.1.5.tgz#d65d14b83c7cd1dd7bc801daa00557addf5a06b2"
  dependencies:
    browserslist "^2.5.0"
    caniuse-lite "^1.0.30000744"
    normalize-range "^0.1.2"
    num2fraction "^1.2.2"
    postcss "^6.0.13"
    postcss-value-parser "^3.2.3"

babel-code-frame@^6.26.0:
  version "6.26.0"
  resolved "https://registry.yarnpkg.com/babel-code-frame/-/babel-code-frame-6.26.0.tgz#63fd43f7dc1e3bb7ce35947db8fe369a3f58c74b"
  dependencies:
    chalk "^1.1.3"
    esutils "^2.0.2"
    js-tokens "^3.0.2"

babel-helper-builder-binary-assignment-operator-visitor@^6.24.1:
  version "6.24.1"
  resolved "https://registry.yarnpkg.com/babel-helper-builder-binary-assignment-operator-visitor/-/babel-helper-builder-binary-assignment-operator-visitor-6.24.1.tgz#cce4517ada356f4220bcae8a02c2b346f9a56664"
  dependencies:
    babel-helper-explode-assignable-expression "^6.24.1"
    babel-runtime "^6.22.0"
    babel-types "^6.24.1"

babel-helper-call-delegate@^6.24.1:
  version "6.24.1"
  resolved "https://registry.yarnpkg.com/babel-helper-call-delegate/-/babel-helper-call-delegate-6.24.1.tgz#ece6aacddc76e41c3461f88bfc575bd0daa2df8d"
  dependencies:
    babel-helper-hoist-variables "^6.24.1"
    babel-runtime "^6.22.0"
    babel-traverse "^6.24.1"
    babel-types "^6.24.1"

babel-helper-define-map@^6.24.1:
  version "6.26.0"
  resolved "https://registry.yarnpkg.com/babel-helper-define-map/-/babel-helper-define-map-6.26.0.tgz#a5f56dab41a25f97ecb498c7ebaca9819f95be5f"
  dependencies:
    babel-helper-function-name "^6.24.1"
    babel-runtime "^6.26.0"
    babel-types "^6.26.0"
    lodash "^4.17.4"

babel-helper-explode-assignable-expression@^6.24.1:
  version "6.24.1"
  resolved "https://registry.yarnpkg.com/babel-helper-explode-assignable-expression/-/babel-helper-explode-assignable-expression-6.24.1.tgz#f25b82cf7dc10433c55f70592d5746400ac22caa"
  dependencies:
    babel-runtime "^6.22.0"
    babel-traverse "^6.24.1"
    babel-types "^6.24.1"

babel-helper-function-name@^6.24.1:
  version "6.24.1"
  resolved "https://registry.yarnpkg.com/babel-helper-function-name/-/babel-helper-function-name-6.24.1.tgz#d3475b8c03ed98242a25b48351ab18399d3580a9"
  dependencies:
    babel-helper-get-function-arity "^6.24.1"
    babel-runtime "^6.22.0"
    babel-template "^6.24.1"
    babel-traverse "^6.24.1"
    babel-types "^6.24.1"

babel-helper-get-function-arity@^6.24.1:
  version "6.24.1"
  resolved "https://registry.yarnpkg.com/babel-helper-get-function-arity/-/babel-helper-get-function-arity-6.24.1.tgz#8f7782aa93407c41d3aa50908f89b031b1b6853d"
  dependencies:
    babel-runtime "^6.22.0"
    babel-types "^6.24.1"

babel-helper-hoist-variables@^6.24.1:
  version "6.24.1"
  resolved "https://registry.yarnpkg.com/babel-helper-hoist-variables/-/babel-helper-hoist-variables-6.24.1.tgz#1ecb27689c9d25513eadbc9914a73f5408be7a76"
  dependencies:
    babel-runtime "^6.22.0"
    babel-types "^6.24.1"

babel-helper-optimise-call-expression@^6.24.1:
  version "6.24.1"
  resolved "https://registry.yarnpkg.com/babel-helper-optimise-call-expression/-/babel-helper-optimise-call-expression-6.24.1.tgz#f7a13427ba9f73f8f4fa993c54a97882d1244257"
  dependencies:
    babel-runtime "^6.22.0"
    babel-types "^6.24.1"

babel-helper-regex@^6.24.1:
  version "6.26.0"
  resolved "https://registry.yarnpkg.com/babel-helper-regex/-/babel-helper-regex-6.26.0.tgz#325c59f902f82f24b74faceed0363954f6495e72"
  dependencies:
    babel-runtime "^6.26.0"
    babel-types "^6.26.0"
    lodash "^4.17.4"

babel-helper-remap-async-to-generator@^6.24.1:
  version "6.24.1"
  resolved "https://registry.yarnpkg.com/babel-helper-remap-async-to-generator/-/babel-helper-remap-async-to-generator-6.24.1.tgz#5ec581827ad723fecdd381f1c928390676e4551b"
  dependencies:
    babel-helper-function-name "^6.24.1"
    babel-runtime "^6.22.0"
    babel-template "^6.24.1"
    babel-traverse "^6.24.1"
    babel-types "^6.24.1"

babel-helper-replace-supers@^6.24.1:
  version "6.24.1"
  resolved "https://registry.yarnpkg.com/babel-helper-replace-supers/-/babel-helper-replace-supers-6.24.1.tgz#bf6dbfe43938d17369a213ca8a8bf74b6a90ab1a"
  dependencies:
    babel-helper-optimise-call-expression "^6.24.1"
    babel-messages "^6.23.0"
    babel-runtime "^6.22.0"
    babel-template "^6.24.1"
    babel-traverse "^6.24.1"
    babel-types "^6.24.1"

babel-messages@^6.23.0:
  version "6.23.0"
  resolved "https://registry.yarnpkg.com/babel-messages/-/babel-messages-6.23.0.tgz#f3cdf4703858035b2a2951c6ec5edf6c62f2630e"
  dependencies:
    babel-runtime "^6.22.0"

babel-plugin-check-es2015-constants@^6.22.0:
  version "6.22.0"
  resolved "https://registry.yarnpkg.com/babel-plugin-check-es2015-constants/-/babel-plugin-check-es2015-constants-6.22.0.tgz#35157b101426fd2ffd3da3f75c7d1e91835bbf8a"
  dependencies:
    babel-runtime "^6.22.0"

babel-plugin-syntax-async-functions@^6.8.0:
  version "6.13.0"
  resolved "https://registry.yarnpkg.com/babel-plugin-syntax-async-functions/-/babel-plugin-syntax-async-functions-6.13.0.tgz#cad9cad1191b5ad634bf30ae0872391e0647be95"

babel-plugin-syntax-async-generators@^6.5.0:
  version "6.13.0"
  resolved "https://registry.yarnpkg.com/babel-plugin-syntax-async-generators/-/babel-plugin-syntax-async-generators-6.13.0.tgz#6bc963ebb16eccbae6b92b596eb7f35c342a8b9a"

babel-plugin-syntax-exponentiation-operator@^6.8.0:
  version "6.13.0"
  resolved "https://registry.yarnpkg.com/babel-plugin-syntax-exponentiation-operator/-/babel-plugin-syntax-exponentiation-operator-6.13.0.tgz#9ee7e8337290da95288201a6a57f4170317830de"

babel-plugin-syntax-object-rest-spread@^6.8.0:
  version "6.13.0"
  resolved "https://registry.yarnpkg.com/babel-plugin-syntax-object-rest-spread/-/babel-plugin-syntax-object-rest-spread-6.13.0.tgz#fd6536f2bce13836ffa3a5458c4903a597bb3bf5"

babel-plugin-syntax-trailing-function-commas@^6.22.0:
  version "6.22.0"
  resolved "https://registry.yarnpkg.com/babel-plugin-syntax-trailing-function-commas/-/babel-plugin-syntax-trailing-function-commas-6.22.0.tgz#ba0360937f8d06e40180a43fe0d5616fff532cf3"

babel-plugin-transform-async-generator-functions@^6.24.1:
  version "6.24.1"
  resolved "https://registry.yarnpkg.com/babel-plugin-transform-async-generator-functions/-/babel-plugin-transform-async-generator-functions-6.24.1.tgz#f058900145fd3e9907a6ddf28da59f215258a5db"
  dependencies:
    babel-helper-remap-async-to-generator "^6.24.1"
    babel-plugin-syntax-async-generators "^6.5.0"
    babel-runtime "^6.22.0"

babel-plugin-transform-async-to-generator@^6.22.0, babel-plugin-transform-async-to-generator@^6.24.1:
  version "6.24.1"
  resolved "https://registry.yarnpkg.com/babel-plugin-transform-async-to-generator/-/babel-plugin-transform-async-to-generator-6.24.1.tgz#6536e378aff6cb1d5517ac0e40eb3e9fc8d08761"
  dependencies:
    babel-helper-remap-async-to-generator "^6.24.1"
    babel-plugin-syntax-async-functions "^6.8.0"
    babel-runtime "^6.22.0"

babel-plugin-transform-es2015-arrow-functions@^6.22.0:
  version "6.22.0"
  resolved "https://registry.yarnpkg.com/babel-plugin-transform-es2015-arrow-functions/-/babel-plugin-transform-es2015-arrow-functions-6.22.0.tgz#452692cb711d5f79dc7f85e440ce41b9f244d221"
  dependencies:
    babel-runtime "^6.22.0"

babel-plugin-transform-es2015-block-scoped-functions@^6.22.0:
  version "6.22.0"
  resolved "https://registry.yarnpkg.com/babel-plugin-transform-es2015-block-scoped-functions/-/babel-plugin-transform-es2015-block-scoped-functions-6.22.0.tgz#bbc51b49f964d70cb8d8e0b94e820246ce3a6141"
  dependencies:
    babel-runtime "^6.22.0"

babel-plugin-transform-es2015-block-scoping@^6.23.0:
  version "6.26.0"
  resolved "https://registry.yarnpkg.com/babel-plugin-transform-es2015-block-scoping/-/babel-plugin-transform-es2015-block-scoping-6.26.0.tgz#d70f5299c1308d05c12f463813b0a09e73b1895f"
  dependencies:
    babel-runtime "^6.26.0"
    babel-template "^6.26.0"
    babel-traverse "^6.26.0"
    babel-types "^6.26.0"
    lodash "^4.17.4"

babel-plugin-transform-es2015-classes@^6.23.0:
  version "6.24.1"
  resolved "https://registry.yarnpkg.com/babel-plugin-transform-es2015-classes/-/babel-plugin-transform-es2015-classes-6.24.1.tgz#5a4c58a50c9c9461e564b4b2a3bfabc97a2584db"
  dependencies:
    babel-helper-define-map "^6.24.1"
    babel-helper-function-name "^6.24.1"
    babel-helper-optimise-call-expression "^6.24.1"
    babel-helper-replace-supers "^6.24.1"
    babel-messages "^6.23.0"
    babel-runtime "^6.22.0"
    babel-template "^6.24.1"
    babel-traverse "^6.24.1"
    babel-types "^6.24.1"

babel-plugin-transform-es2015-computed-properties@^6.22.0:
  version "6.24.1"
  resolved "https://registry.yarnpkg.com/babel-plugin-transform-es2015-computed-properties/-/babel-plugin-transform-es2015-computed-properties-6.24.1.tgz#6fe2a8d16895d5634f4cd999b6d3480a308159b3"
  dependencies:
    babel-runtime "^6.22.0"
    babel-template "^6.24.1"

babel-plugin-transform-es2015-destructuring@^6.23.0:
  version "6.23.0"
  resolved "https://registry.yarnpkg.com/babel-plugin-transform-es2015-destructuring/-/babel-plugin-transform-es2015-destructuring-6.23.0.tgz#997bb1f1ab967f682d2b0876fe358d60e765c56d"
  dependencies:
    babel-runtime "^6.22.0"

babel-plugin-transform-es2015-duplicate-keys@^6.22.0:
  version "6.24.1"
  resolved "https://registry.yarnpkg.com/babel-plugin-transform-es2015-duplicate-keys/-/babel-plugin-transform-es2015-duplicate-keys-6.24.1.tgz#73eb3d310ca969e3ef9ec91c53741a6f1576423e"
  dependencies:
    babel-runtime "^6.22.0"
    babel-types "^6.24.1"

babel-plugin-transform-es2015-for-of@^6.23.0:
  version "6.23.0"
  resolved "https://registry.yarnpkg.com/babel-plugin-transform-es2015-for-of/-/babel-plugin-transform-es2015-for-of-6.23.0.tgz#f47c95b2b613df1d3ecc2fdb7573623c75248691"
  dependencies:
    babel-runtime "^6.22.0"

babel-plugin-transform-es2015-function-name@^6.22.0:
  version "6.24.1"
  resolved "https://registry.yarnpkg.com/babel-plugin-transform-es2015-function-name/-/babel-plugin-transform-es2015-function-name-6.24.1.tgz#834c89853bc36b1af0f3a4c5dbaa94fd8eacaa8b"
  dependencies:
    babel-helper-function-name "^6.24.1"
    babel-runtime "^6.22.0"
    babel-types "^6.24.1"

babel-plugin-transform-es2015-literals@^6.22.0:
  version "6.22.0"
  resolved "https://registry.yarnpkg.com/babel-plugin-transform-es2015-literals/-/babel-plugin-transform-es2015-literals-6.22.0.tgz#4f54a02d6cd66cf915280019a31d31925377ca2e"
  dependencies:
    babel-runtime "^6.22.0"

babel-plugin-transform-es2015-modules-amd@^6.22.0, babel-plugin-transform-es2015-modules-amd@^6.24.1:
  version "6.24.1"
  resolved "https://registry.yarnpkg.com/babel-plugin-transform-es2015-modules-amd/-/babel-plugin-transform-es2015-modules-amd-6.24.1.tgz#3b3e54017239842d6d19c3011c4bd2f00a00d154"
  dependencies:
    babel-plugin-transform-es2015-modules-commonjs "^6.24.1"
    babel-runtime "^6.22.0"
    babel-template "^6.24.1"

babel-plugin-transform-es2015-modules-commonjs@^6.23.0, babel-plugin-transform-es2015-modules-commonjs@^6.24.1:
  version "6.26.0"
  resolved "https://registry.yarnpkg.com/babel-plugin-transform-es2015-modules-commonjs/-/babel-plugin-transform-es2015-modules-commonjs-6.26.0.tgz#0d8394029b7dc6abe1a97ef181e00758dd2e5d8a"
  dependencies:
    babel-plugin-transform-strict-mode "^6.24.1"
    babel-runtime "^6.26.0"
    babel-template "^6.26.0"
    babel-types "^6.26.0"

babel-plugin-transform-es2015-modules-systemjs@^6.23.0:
  version "6.24.1"
  resolved "https://registry.yarnpkg.com/babel-plugin-transform-es2015-modules-systemjs/-/babel-plugin-transform-es2015-modules-systemjs-6.24.1.tgz#ff89a142b9119a906195f5f106ecf305d9407d23"
  dependencies:
    babel-helper-hoist-variables "^6.24.1"
    babel-runtime "^6.22.0"
    babel-template "^6.24.1"

babel-plugin-transform-es2015-modules-umd@^6.23.0:
  version "6.24.1"
  resolved "https://registry.yarnpkg.com/babel-plugin-transform-es2015-modules-umd/-/babel-plugin-transform-es2015-modules-umd-6.24.1.tgz#ac997e6285cd18ed6176adb607d602344ad38468"
  dependencies:
    babel-plugin-transform-es2015-modules-amd "^6.24.1"
    babel-runtime "^6.22.0"
    babel-template "^6.24.1"

babel-plugin-transform-es2015-object-super@^6.22.0:
  version "6.24.1"
  resolved "https://registry.yarnpkg.com/babel-plugin-transform-es2015-object-super/-/babel-plugin-transform-es2015-object-super-6.24.1.tgz#24cef69ae21cb83a7f8603dad021f572eb278f8d"
  dependencies:
    babel-helper-replace-supers "^6.24.1"
    babel-runtime "^6.22.0"

babel-plugin-transform-es2015-parameters@^6.23.0:
  version "6.24.1"
  resolved "https://registry.yarnpkg.com/babel-plugin-transform-es2015-parameters/-/babel-plugin-transform-es2015-parameters-6.24.1.tgz#57ac351ab49caf14a97cd13b09f66fdf0a625f2b"
  dependencies:
    babel-helper-call-delegate "^6.24.1"
    babel-helper-get-function-arity "^6.24.1"
    babel-runtime "^6.22.0"
    babel-template "^6.24.1"
    babel-traverse "^6.24.1"
    babel-types "^6.24.1"

babel-plugin-transform-es2015-shorthand-properties@^6.22.0:
  version "6.24.1"
  resolved "https://registry.yarnpkg.com/babel-plugin-transform-es2015-shorthand-properties/-/babel-plugin-transform-es2015-shorthand-properties-6.24.1.tgz#24f875d6721c87661bbd99a4622e51f14de38aa0"
  dependencies:
    babel-runtime "^6.22.0"
    babel-types "^6.24.1"

babel-plugin-transform-es2015-spread@^6.22.0:
  version "6.22.0"
  resolved "https://registry.yarnpkg.com/babel-plugin-transform-es2015-spread/-/babel-plugin-transform-es2015-spread-6.22.0.tgz#d6d68a99f89aedc4536c81a542e8dd9f1746f8d1"
  dependencies:
    babel-runtime "^6.22.0"

babel-plugin-transform-es2015-sticky-regex@^6.22.0:
  version "6.24.1"
  resolved "https://registry.yarnpkg.com/babel-plugin-transform-es2015-sticky-regex/-/babel-plugin-transform-es2015-sticky-regex-6.24.1.tgz#00c1cdb1aca71112cdf0cf6126c2ed6b457ccdbc"
  dependencies:
    babel-helper-regex "^6.24.1"
    babel-runtime "^6.22.0"
    babel-types "^6.24.1"

babel-plugin-transform-es2015-template-literals@^6.22.0:
  version "6.22.0"
  resolved "https://registry.yarnpkg.com/babel-plugin-transform-es2015-template-literals/-/babel-plugin-transform-es2015-template-literals-6.22.0.tgz#a84b3450f7e9f8f1f6839d6d687da84bb1236d8d"
  dependencies:
    babel-runtime "^6.22.0"

babel-plugin-transform-es2015-typeof-symbol@^6.23.0:
  version "6.23.0"
  resolved "https://registry.yarnpkg.com/babel-plugin-transform-es2015-typeof-symbol/-/babel-plugin-transform-es2015-typeof-symbol-6.23.0.tgz#dec09f1cddff94b52ac73d505c84df59dcceb372"
  dependencies:
    babel-runtime "^6.22.0"

babel-plugin-transform-es2015-unicode-regex@^6.22.0:
  version "6.24.1"
  resolved "https://registry.yarnpkg.com/babel-plugin-transform-es2015-unicode-regex/-/babel-plugin-transform-es2015-unicode-regex-6.24.1.tgz#d38b12f42ea7323f729387f18a7c5ae1faeb35e9"
  dependencies:
    babel-helper-regex "^6.24.1"
    babel-runtime "^6.22.0"
    regexpu-core "^2.0.0"

babel-plugin-transform-exponentiation-operator@^6.22.0, babel-plugin-transform-exponentiation-operator@^6.24.1:
  version "6.24.1"
  resolved "https://registry.yarnpkg.com/babel-plugin-transform-exponentiation-operator/-/babel-plugin-transform-exponentiation-operator-6.24.1.tgz#2ab0c9c7f3098fa48907772bb813fe41e8de3a0e"
  dependencies:
    babel-helper-builder-binary-assignment-operator-visitor "^6.24.1"
    babel-plugin-syntax-exponentiation-operator "^6.8.0"
    babel-runtime "^6.22.0"

babel-plugin-transform-object-rest-spread@^6.22.0:
  version "6.26.0"
  resolved "https://registry.yarnpkg.com/babel-plugin-transform-object-rest-spread/-/babel-plugin-transform-object-rest-spread-6.26.0.tgz#0f36692d50fef6b7e2d4b3ac1478137a963b7b06"
  dependencies:
    babel-plugin-syntax-object-rest-spread "^6.8.0"
    babel-runtime "^6.26.0"

babel-plugin-transform-regenerator@^6.22.0:
  version "6.26.0"
  resolved "https://registry.yarnpkg.com/babel-plugin-transform-regenerator/-/babel-plugin-transform-regenerator-6.26.0.tgz#e0703696fbde27f0a3efcacf8b4dca2f7b3a8f2f"
  dependencies:
    regenerator-transform "^0.10.0"

babel-plugin-transform-strict-mode@^6.24.1:
  version "6.24.1"
  resolved "https://registry.yarnpkg.com/babel-plugin-transform-strict-mode/-/babel-plugin-transform-strict-mode-6.24.1.tgz#d5faf7aa578a65bbe591cf5edae04a0c67020758"
  dependencies:
    babel-runtime "^6.22.0"
    babel-types "^6.24.1"

babel-preset-env@^1.6.0:
  version "1.6.0"
  resolved "https://registry.yarnpkg.com/babel-preset-env/-/babel-preset-env-1.6.0.tgz#2de1c782a780a0a5d605d199c957596da43c44e4"
  dependencies:
    babel-plugin-check-es2015-constants "^6.22.0"
    babel-plugin-syntax-trailing-function-commas "^6.22.0"
    babel-plugin-transform-async-to-generator "^6.22.0"
    babel-plugin-transform-es2015-arrow-functions "^6.22.0"
    babel-plugin-transform-es2015-block-scoped-functions "^6.22.0"
    babel-plugin-transform-es2015-block-scoping "^6.23.0"
    babel-plugin-transform-es2015-classes "^6.23.0"
    babel-plugin-transform-es2015-computed-properties "^6.22.0"
    babel-plugin-transform-es2015-destructuring "^6.23.0"
    babel-plugin-transform-es2015-duplicate-keys "^6.22.0"
    babel-plugin-transform-es2015-for-of "^6.23.0"
    babel-plugin-transform-es2015-function-name "^6.22.0"
    babel-plugin-transform-es2015-literals "^6.22.0"
    babel-plugin-transform-es2015-modules-amd "^6.22.0"
    babel-plugin-transform-es2015-modules-commonjs "^6.23.0"
    babel-plugin-transform-es2015-modules-systemjs "^6.23.0"
    babel-plugin-transform-es2015-modules-umd "^6.23.0"
    babel-plugin-transform-es2015-object-super "^6.22.0"
    babel-plugin-transform-es2015-parameters "^6.23.0"
    babel-plugin-transform-es2015-shorthand-properties "^6.22.0"
    babel-plugin-transform-es2015-spread "^6.22.0"
    babel-plugin-transform-es2015-sticky-regex "^6.22.0"
    babel-plugin-transform-es2015-template-literals "^6.22.0"
    babel-plugin-transform-es2015-typeof-symbol "^6.23.0"
    babel-plugin-transform-es2015-unicode-regex "^6.22.0"
    babel-plugin-transform-exponentiation-operator "^6.22.0"
    babel-plugin-transform-regenerator "^6.22.0"
    browserslist "^2.1.2"
    invariant "^2.2.2"
    semver "^5.3.0"

babel-preset-stage-3@^6.24.1:
  version "6.24.1"
  resolved "https://registry.yarnpkg.com/babel-preset-stage-3/-/babel-preset-stage-3-6.24.1.tgz#836ada0a9e7a7fa37cb138fb9326f87934a48395"
  dependencies:
    babel-plugin-syntax-trailing-function-commas "^6.22.0"
    babel-plugin-transform-async-generator-functions "^6.24.1"
    babel-plugin-transform-async-to-generator "^6.24.1"
    babel-plugin-transform-exponentiation-operator "^6.24.1"
    babel-plugin-transform-object-rest-spread "^6.22.0"

babel-runtime@^6.18.0, babel-runtime@^6.22.0, babel-runtime@^6.23.0, babel-runtime@^6.26.0:
  version "6.26.0"
  resolved "https://registry.yarnpkg.com/babel-runtime/-/babel-runtime-6.26.0.tgz#965c7058668e82b55d7bfe04ff2337bc8b5647fe"
  dependencies:
    core-js "^2.4.0"
    regenerator-runtime "^0.11.0"

babel-template@^6.24.1, babel-template@^6.26.0:
  version "6.26.0"
  resolved "https://registry.yarnpkg.com/babel-template/-/babel-template-6.26.0.tgz#de03e2d16396b069f46dd9fff8521fb1a0e35e02"
  dependencies:
    babel-runtime "^6.26.0"
    babel-traverse "^6.26.0"
    babel-types "^6.26.0"
    babylon "^6.18.0"
    lodash "^4.17.4"

babel-traverse@^6.24.1, babel-traverse@^6.26.0:
  version "6.26.0"
  resolved "https://registry.yarnpkg.com/babel-traverse/-/babel-traverse-6.26.0.tgz#46a9cbd7edcc62c8e5c064e2d2d8d0f4035766ee"
  dependencies:
    babel-code-frame "^6.26.0"
    babel-messages "^6.23.0"
    babel-runtime "^6.26.0"
    babel-types "^6.26.0"
    babylon "^6.18.0"
    debug "^2.6.8"
    globals "^9.18.0"
    invariant "^2.2.2"
    lodash "^4.17.4"

babel-types@^6.19.0, babel-types@^6.24.1, babel-types@^6.26.0:
  version "6.26.0"
  resolved "https://registry.yarnpkg.com/babel-types/-/babel-types-6.26.0.tgz#a3b073f94ab49eb6fa55cd65227a334380632497"
  dependencies:
    babel-runtime "^6.26.0"
    esutils "^2.0.2"
    lodash "^4.17.4"
    to-fast-properties "^1.0.3"

babylon@^6.18.0:
  version "6.18.0"
  resolved "https://registry.yarnpkg.com/babylon/-/babylon-6.18.0.tgz#af2f3b88fa6f5c1e4c634d1a0f8eac4f55b395e3"

balanced-match@0.1.0:
  version "0.1.0"
  resolved "https://registry.yarnpkg.com/balanced-match/-/balanced-match-0.1.0.tgz#b504bd05869b39259dd0c5efc35d843176dccc4a"

balanced-match@^0.4.2:
  version "0.4.2"
  resolved "https://registry.yarnpkg.com/balanced-match/-/balanced-match-0.4.2.tgz#cb3f3e3c732dc0f01ee70b403f302e61d7709838"

balanced-match@^1.0.0:
  version "1.0.0"
  resolved "https://registry.yarnpkg.com/balanced-match/-/balanced-match-1.0.0.tgz#89b4d199ab2bee49de164ea02b89ce462d71b767"

browserslist@^2.0.0, browserslist@^2.1.2, browserslist@^2.5.0:
  version "2.5.1"
  resolved "https://registry.yarnpkg.com/browserslist/-/browserslist-2.5.1.tgz#68e4bc536bbcc6086d62843a2ffccea8396821c6"
  dependencies:
    caniuse-lite "^1.0.30000744"
    electron-to-chromium "^1.3.24"

caniuse-api@^2.0.0:
  version "2.0.0"
  resolved "https://registry.yarnpkg.com/caniuse-api/-/caniuse-api-2.0.0.tgz#b1ddb5a5966b16f48dc4998444d4bbc6c7d9d834"
  dependencies:
    browserslist "^2.0.0"
    caniuse-lite "^1.0.0"
    lodash.memoize "^4.1.2"
    lodash.uniq "^4.5.0"

caniuse-lite@^1.0.0, caniuse-lite@^1.0.30000744:
  version "1.0.30000746"
  resolved "https://registry.yarnpkg.com/caniuse-lite/-/caniuse-lite-1.0.30000746.tgz#c64f95a3925cfd30207a308ed76c1ae96ea09ea0"

chalk@^1.1.3:
  version "1.1.3"
  resolved "https://registry.yarnpkg.com/chalk/-/chalk-1.1.3.tgz#a8115c55e4a702fe4d150abd3872822a7e09fc98"
  dependencies:
    ansi-styles "^2.2.1"
    escape-string-regexp "^1.0.2"
    has-ansi "^2.0.0"
    strip-ansi "^3.0.0"
    supports-color "^2.0.0"

chalk@^2.0.1, chalk@^2.1.0:
  version "2.1.0"
  resolved "https://registry.yarnpkg.com/chalk/-/chalk-2.1.0.tgz#ac5becf14fa21b99c6c92ca7a7d7cfd5b17e743e"
  dependencies:
    ansi-styles "^3.1.0"
    escape-string-regexp "^1.0.5"
    supports-color "^4.0.0"

clone@^1.0.2:
  version "1.0.2"
  resolved "https://registry.yarnpkg.com/clone/-/clone-1.0.2.tgz#260b7a99ebb1edfe247538175f783243cb19d149"

color-convert@^1.3.0, color-convert@^1.8.2, color-convert@^1.9.0:
  version "1.9.0"
  resolved "https://registry.yarnpkg.com/color-convert/-/color-convert-1.9.0.tgz#1accf97dd739b983bf994d56fec8f95853641b7a"
  dependencies:
    color-name "^1.1.1"

color-name@^1.0.0, color-name@^1.1.1:
  version "1.1.3"
  resolved "https://registry.yarnpkg.com/color-name/-/color-name-1.1.3.tgz#a7d0558bd89c42f795dd42328f740831ca53bc25"

color-string@^0.3.0:
  version "0.3.0"
  resolved "https://registry.yarnpkg.com/color-string/-/color-string-0.3.0.tgz#27d46fb67025c5c2fa25993bfbf579e47841b991"
  dependencies:
    color-name "^1.0.0"

color-string@^1.4.0:
  version "1.5.2"
  resolved "https://registry.yarnpkg.com/color-string/-/color-string-1.5.2.tgz#26e45814bc3c9a7cbd6751648a41434514a773a9"
  dependencies:
    color-name "^1.0.0"
    simple-swizzle "^0.2.2"

color@^0.11.0:
  version "0.11.4"
  resolved "https://registry.yarnpkg.com/color/-/color-0.11.4.tgz#6d7b5c74fb65e841cd48792ad1ed5e07b904d764"
  dependencies:
    clone "^1.0.2"
    color-convert "^1.3.0"
    color-string "^0.3.0"

color@^1.0.3:
  version "1.0.3"
  resolved "https://registry.yarnpkg.com/color/-/color-1.0.3.tgz#e48e832d85f14ef694fb468811c2d5cfe729b55d"
  dependencies:
    color-convert "^1.8.2"
    color-string "^1.4.0"

core-js@^2.4.0:
  version "2.5.1"
  resolved "https://registry.yarnpkg.com/core-js/-/core-js-2.5.1.tgz#ae6874dc66937789b80754ff5428df66819ca50b"

css-color-function@^1.3.0:
  version "1.3.3"
  resolved "https://registry.yarnpkg.com/css-color-function/-/css-color-function-1.3.3.tgz#8ed24c2c0205073339fafa004bc8c141fccb282e"
  dependencies:
    balanced-match "0.1.0"
    color "^0.11.0"
    debug "^3.1.0"
    rgb "~0.1.0"

css-unit-converter@^1.1.1:
  version "1.1.1"
  resolved "https://registry.yarnpkg.com/css-unit-converter/-/css-unit-converter-1.1.1.tgz#d9b9281adcfd8ced935bdbaba83786897f64e996"

debug@^2.6.8:
  version "2.6.9"
  resolved "https://registry.yarnpkg.com/debug/-/debug-2.6.9.tgz#5d128515df134ff327e90a4c93f4e077a536341f"
  dependencies:
    ms "2.0.0"

debug@^3.1.0:
  version "3.1.0"
  resolved "https://registry.yarnpkg.com/debug/-/debug-3.1.0.tgz#5bb5a0672628b64149566ba16819e61518c67261"
  dependencies:
    ms "2.0.0"

electron-to-chromium@^1.3.24:
  version "1.3.25"
  resolved "https://registry.yarnpkg.com/electron-to-chromium/-/electron-to-chromium-1.3.25.tgz#453b21009836d0997d86035601ff6cae4791c460"

escape-string-regexp@^1.0.2, escape-string-regexp@^1.0.5:
  version "1.0.5"
  resolved "https://registry.yarnpkg.com/escape-string-regexp/-/escape-string-regexp-1.0.5.tgz#1b61c0562190a8dff6ae3bb2cf0200ca130b86d4"

esutils@^2.0.2:
  version "2.0.2"
  resolved "https://registry.yarnpkg.com/esutils/-/esutils-2.0.2.tgz#0abf4f1caa5bcb1f7a9d8acc6dea4faaa04bac9b"

flatten@^1.0.2:
  version "1.0.2"
  resolved "https://registry.yarnpkg.com/flatten/-/flatten-1.0.2.tgz#dae46a9d78fbe25292258cc1e780a41d95c03782"

globals@^9.18.0:
  version "9.18.0"
  resolved "https://registry.yarnpkg.com/globals/-/globals-9.18.0.tgz#aa3896b3e69b487f17e31ed2143d69a8e30c2d8a"

has-ansi@^2.0.0:
  version "2.0.0"
  resolved "https://registry.yarnpkg.com/has-ansi/-/has-ansi-2.0.0.tgz#34f5049ce1ecdf2b0649af3ef24e45ed35416d91"
  dependencies:
    ansi-regex "^2.0.0"

has-flag@^2.0.0:
  version "2.0.0"
  resolved "https://registry.yarnpkg.com/has-flag/-/has-flag-2.0.0.tgz#e8207af1cc7b30d446cc70b734b5e8be18f88d51"

indexes-of@^1.0.1:
  version "1.0.1"
  resolved "https://registry.yarnpkg.com/indexes-of/-/indexes-of-1.0.1.tgz#f30f716c8e2bd346c7b67d3df3915566a7c05607"

invariant@^2.2.2:
  version "2.2.2"
  resolved "https://registry.yarnpkg.com/invariant/-/invariant-2.2.2.tgz#9e1f56ac0acdb6bf303306f338be3b204ae60360"
  dependencies:
    loose-envify "^1.0.0"

is-arrayish@^0.3.1:
  version "0.3.1"
  resolved "https://registry.yarnpkg.com/is-arrayish/-/is-arrayish-0.3.1.tgz#c2dfc386abaa0c3e33c48db3fe87059e69065efd"

isnumeric@^0.2.0:
  version "0.2.0"
  resolved "https://registry.yarnpkg.com/isnumeric/-/isnumeric-0.2.0.tgz#a2347ba360de19e33d0ffd590fddf7755cbf2e64"

js-tokens@^3.0.0, js-tokens@^3.0.2:
  version "3.0.2"
  resolved "https://registry.yarnpkg.com/js-tokens/-/js-tokens-3.0.2.tgz#9866df395102130e38f7f996bceb65443209c25b"

jsesc@~0.5.0:
  version "0.5.0"
  resolved "https://registry.yarnpkg.com/jsesc/-/jsesc-0.5.0.tgz#e7dee66e35d6fc16f710fe91d5cf69f70f08911d"

lodash._reinterpolate@~3.0.0:
  version "3.0.0"
  resolved "https://registry.yarnpkg.com/lodash._reinterpolate/-/lodash._reinterpolate-3.0.0.tgz#0ccf2d89166af03b3663c796538b75ac6e114d9d"

lodash.memoize@^4.1.2:
  version "4.1.2"
  resolved "https://registry.yarnpkg.com/lodash.memoize/-/lodash.memoize-4.1.2.tgz#bcc6c49a42a2840ed997f323eada5ecd182e0bfe"

lodash.template@^4.2.4:
  version "4.4.0"
  resolved "https://registry.yarnpkg.com/lodash.template/-/lodash.template-4.4.0.tgz#e73a0385c8355591746e020b99679c690e68fba0"
  dependencies:
    lodash._reinterpolate "~3.0.0"
    lodash.templatesettings "^4.0.0"

lodash.templatesettings@^4.0.0:
  version "4.1.0"
  resolved "https://registry.yarnpkg.com/lodash.templatesettings/-/lodash.templatesettings-4.1.0.tgz#2b4d4e95ba440d915ff08bc899e4553666713316"
  dependencies:
    lodash._reinterpolate "~3.0.0"

lodash.uniq@^4.5.0:
  version "4.5.0"
  resolved "https://registry.yarnpkg.com/lodash.uniq/-/lodash.uniq-4.5.0.tgz#d0225373aeb652adc1bc82e4945339a842754773"

lodash@^4.17.4:
  version "4.17.4"
  resolved "https://registry.yarnpkg.com/lodash/-/lodash-4.17.4.tgz#78203a4d1c328ae1d86dca6460e369b57f4055ae"

loose-envify@^1.0.0:
  version "1.3.1"
  resolved "https://registry.yarnpkg.com/loose-envify/-/loose-envify-1.3.1.tgz#d1a8ad33fa9ce0e713d65fdd0ac8b748d478c848"
  dependencies:
    js-tokens "^3.0.0"

math-expression-evaluator@^1.2.14:
  version "1.2.17"
  resolved "https://registry.yarnpkg.com/math-expression-evaluator/-/math-expression-evaluator-1.2.17.tgz#de819fdbcd84dccd8fae59c6aeb79615b9d266ac"

ms@2.0.0:
  version "2.0.0"
  resolved "https://registry.yarnpkg.com/ms/-/ms-2.0.0.tgz#5608aeadfc00be6c2901df5f9861788de0d597c8"

normalize-range@^0.1.2:
  version "0.1.2"
  resolved "https://registry.yarnpkg.com/normalize-range/-/normalize-range-0.1.2.tgz#2d10c06bdfd312ea9777695a4d28439456b75942"

num2fraction@^1.2.2:
  version "1.2.2"
  resolved "https://registry.yarnpkg.com/num2fraction/-/num2fraction-1.2.2.tgz#6f682b6a027a4e9ddfa4564cd2589d1d4e669ede"

onecolor@^3.0.4:
  version "3.0.4"
  resolved "https://registry.yarnpkg.com/onecolor/-/onecolor-3.0.4.tgz#75a46f80da6c7aaa5b4daae17a47198bd9652494"

pixrem@^4.0.0:
  version "4.0.1"
  resolved "https://registry.yarnpkg.com/pixrem/-/pixrem-4.0.1.tgz#2da4a1de6ec4423c5fc3794e930b81d4490ec686"
  dependencies:
    browserslist "^2.0.0"
    postcss "^6.0.0"
    reduce-css-calc "^1.2.7"

pleeease-filters@^4.0.0:
  version "4.0.0"
  resolved "https://registry.yarnpkg.com/pleeease-filters/-/pleeease-filters-4.0.0.tgz#6632b2fb05648d2758d865384fbced79e1ccaec7"
  dependencies:
    onecolor "^3.0.4"
    postcss "^6.0.1"

postcss-apply@^0.8.0:
  version "0.8.0"
  resolved "https://registry.yarnpkg.com/postcss-apply/-/postcss-apply-0.8.0.tgz#14e544bbb5cb6f1c1e048857965d79ae066b1343"
  dependencies:
    babel-runtime "^6.23.0"
    balanced-match "^0.4.2"
    postcss "^6.0.0"

postcss-attribute-case-insensitive@^2.0.0:
  version "2.0.0"
  resolved "https://registry.yarnpkg.com/postcss-attribute-case-insensitive/-/postcss-attribute-case-insensitive-2.0.0.tgz#94dc422c8f90997f16bd33a3654bbbec084963b4"
  dependencies:
    postcss "^6.0.0"
    postcss-selector-parser "^2.2.3"

postcss-calc@^6.0.0:
  version "6.0.1"
  resolved "https://registry.yarnpkg.com/postcss-calc/-/postcss-calc-6.0.1.tgz#3d24171bbf6e7629d422a436ebfe6dd9511f4330"
  dependencies:
    css-unit-converter "^1.1.1"
    postcss "^6.0.0"
    postcss-selector-parser "^2.2.2"
    reduce-css-calc "^2.0.0"

postcss-color-function@^4.0.0:
  version "4.0.0"
  resolved "https://registry.yarnpkg.com/postcss-color-function/-/postcss-color-function-4.0.0.tgz#7e0106f4f6a1ecb1ad5b3a8553ace5e828aae187"
  dependencies:
    css-color-function "^1.3.0"
    postcss "^6.0.1"
    postcss-message-helpers "^2.0.0"
    postcss-value-parser "^3.3.0"

postcss-color-gray@^4.0.0:
  version "4.0.0"
  resolved "https://registry.yarnpkg.com/postcss-color-gray/-/postcss-color-gray-4.0.0.tgz#681bf305097dd66bfef0e1e6282d5d99b5acc95d"
  dependencies:
    color "^1.0.3"
    postcss "^6.0.1"
    postcss-message-helpers "^2.0.0"
    reduce-function-call "^1.0.2"

postcss-color-hex-alpha@^3.0.0:
  version "3.0.0"
  resolved "https://registry.yarnpkg.com/postcss-color-hex-alpha/-/postcss-color-hex-alpha-3.0.0.tgz#1e53e6c8acb237955e8fd08b7ecdb1b8b8309f95"
  dependencies:
    color "^1.0.3"
    postcss "^6.0.1"
    postcss-message-helpers "^2.0.0"

postcss-color-hsl@^2.0.0:
  version "2.0.0"
  resolved "https://registry.yarnpkg.com/postcss-color-hsl/-/postcss-color-hsl-2.0.0.tgz#12703666fa310430e3f30a454dac1386317d5844"
  dependencies:
    postcss "^6.0.1"
    postcss-value-parser "^3.3.0"
    units-css "^0.4.0"

postcss-color-hwb@^3.0.0:
  version "3.0.0"
  resolved "https://registry.yarnpkg.com/postcss-color-hwb/-/postcss-color-hwb-3.0.0.tgz#3402b19ef4d8497540c1fb5072be9863ca95571e"
  dependencies:
    color "^1.0.3"
    postcss "^6.0.1"
    postcss-message-helpers "^2.0.0"
    reduce-function-call "^1.0.2"

postcss-color-rebeccapurple@^3.0.0:
  version "3.0.0"
  resolved "https://registry.yarnpkg.com/postcss-color-rebeccapurple/-/postcss-color-rebeccapurple-3.0.0.tgz#eebaf03d363b4300b96792bd3081c19ed66513d3"
  dependencies:
    postcss "^6.0.1"
    postcss-value-parser "^3.3.0"

postcss-color-rgb@^2.0.0:
  version "2.0.0"
  resolved "https://registry.yarnpkg.com/postcss-color-rgb/-/postcss-color-rgb-2.0.0.tgz#14539c8a7131494b482e0dd1cc265ff6514b5263"
  dependencies:
    postcss "^6.0.1"
    postcss-value-parser "^3.3.0"

postcss-color-rgba-fallback@^3.0.0:
  version "3.0.0"
  resolved "https://registry.yarnpkg.com/postcss-color-rgba-fallback/-/postcss-color-rgba-fallback-3.0.0.tgz#37d5c9353a07a09270912a82606bb42a0d702c04"
  dependencies:
    postcss "^6.0.6"
    postcss-value-parser "^3.3.0"
    rgb-hex "^2.1.0"

postcss-cssnext@^3.0.2:
  version "3.0.2"
  resolved "https://registry.yarnpkg.com/postcss-cssnext/-/postcss-cssnext-3.0.2.tgz#63b77adb0b8a4c1d5ec32cd345539535a3417d48"
  dependencies:
    autoprefixer "^7.1.1"
    caniuse-api "^2.0.0"
    chalk "^2.0.1"
    pixrem "^4.0.0"
    pleeease-filters "^4.0.0"
    postcss "^6.0.5"
    postcss-apply "^0.8.0"
    postcss-attribute-case-insensitive "^2.0.0"
    postcss-calc "^6.0.0"
    postcss-color-function "^4.0.0"
    postcss-color-gray "^4.0.0"
    postcss-color-hex-alpha "^3.0.0"
    postcss-color-hsl "^2.0.0"
    postcss-color-hwb "^3.0.0"
    postcss-color-rebeccapurple "^3.0.0"
    postcss-color-rgb "^2.0.0"
    postcss-color-rgba-fallback "^3.0.0"
    postcss-custom-media "^6.0.0"
    postcss-custom-properties "^6.1.0"
    postcss-custom-selectors "^4.0.1"
    postcss-font-family-system-ui "^2.0.1"
    postcss-font-variant "^3.0.0"
    postcss-image-set-polyfill "^0.3.5"
    postcss-initial "^2.0.0"
    postcss-media-minmax "^3.0.0"
    postcss-nesting "^4.0.1"
    postcss-pseudo-class-any-link "^4.0.0"
    postcss-pseudoelements "^5.0.0"
    postcss-replace-overflow-wrap "^2.0.0"
    postcss-selector-matches "^3.0.1"
    postcss-selector-not "^3.0.1"

postcss-custom-media@^6.0.0:
  version "6.0.0"
  resolved "https://registry.yarnpkg.com/postcss-custom-media/-/postcss-custom-media-6.0.0.tgz#be532784110ecb295044fb5395a18006eb21a737"
  dependencies:
    postcss "^6.0.1"

postcss-custom-properties@^6.1.0:
  version "6.2.0"
  resolved "https://registry.yarnpkg.com/postcss-custom-properties/-/postcss-custom-properties-6.2.0.tgz#5d929a7f06e9b84e0f11334194c0ba9a30acfbe9"
  dependencies:
    balanced-match "^1.0.0"
    postcss "^6.0.13"

postcss-custom-selectors@^4.0.1:
  version "4.0.1"
  resolved "https://registry.yarnpkg.com/postcss-custom-selectors/-/postcss-custom-selectors-4.0.1.tgz#781382f94c52e727ef5ca4776ea2adf49a611382"
  dependencies:
    postcss "^6.0.1"
    postcss-selector-matches "^3.0.0"

postcss-font-family-system-ui@^2.0.1:
  version "2.0.1"
  resolved "https://registry.yarnpkg.com/postcss-font-family-system-ui/-/postcss-font-family-system-ui-2.0.1.tgz#318a075fdcb84b864aa823a51935ef0a5872e911"
  dependencies:
    lodash "^4.17.4"
    postcss "^6.0.1"
    postcss-value-parser "^3.3.0"

postcss-font-variant@^3.0.0:
  version "3.0.0"
  resolved "https://registry.yarnpkg.com/postcss-font-variant/-/postcss-font-variant-3.0.0.tgz#08ccc88f6050ba82ed8ef2cc76c0c6a6b41f183e"
  dependencies:
    postcss "^6.0.1"

postcss-image-set-polyfill@^0.3.5:
  version "0.3.5"
  resolved "https://registry.yarnpkg.com/postcss-image-set-polyfill/-/postcss-image-set-polyfill-0.3.5.tgz#0f193413700cf1f82bd39066ef016d65a4a18181"
  dependencies:
    postcss "^6.0.1"
    postcss-media-query-parser "^0.2.3"

postcss-initial@^2.0.0:
  version "2.0.0"
  resolved "https://registry.yarnpkg.com/postcss-initial/-/postcss-initial-2.0.0.tgz#72715f7336e0bb79351d99ee65c4a253a8441ba4"
  dependencies:
    lodash.template "^4.2.4"
    postcss "^6.0.1"

postcss-media-minmax@^3.0.0:
  version "3.0.0"
  resolved "https://registry.yarnpkg.com/postcss-media-minmax/-/postcss-media-minmax-3.0.0.tgz#675256037a43ef40bc4f0760bfd06d4dc69d48d2"
  dependencies:
    postcss "^6.0.1"

postcss-media-query-parser@^0.2.3:
  version "0.2.3"
  resolved "https://registry.yarnpkg.com/postcss-media-query-parser/-/postcss-media-query-parser-0.2.3.tgz#27b39c6f4d94f81b1a73b8f76351c609e5cef244"

postcss-message-helpers@^2.0.0:
  version "2.0.0"
  resolved "https://registry.yarnpkg.com/postcss-message-helpers/-/postcss-message-helpers-2.0.0.tgz#a4f2f4fab6e4fe002f0aed000478cdf52f9ba60e"

postcss-nesting@^4.0.1:
  version "4.2.1"
  resolved "https://registry.yarnpkg.com/postcss-nesting/-/postcss-nesting-4.2.1.tgz#0483bce338b3f0828ced90ff530b29b98b00300d"
  dependencies:
    postcss "^6.0.11"

postcss-pseudo-class-any-link@^4.0.0:
  version "4.0.0"
  resolved "https://registry.yarnpkg.com/postcss-pseudo-class-any-link/-/postcss-pseudo-class-any-link-4.0.0.tgz#9152a0613d3450720513e8892854bae42d0ee68e"
  dependencies:
    postcss "^6.0.1"
    postcss-selector-parser "^2.2.3"

postcss-pseudoelements@^5.0.0:
  version "5.0.0"
  resolved "https://registry.yarnpkg.com/postcss-pseudoelements/-/postcss-pseudoelements-5.0.0.tgz#eef194e8d524645ca520a949e95e518e812402cb"
  dependencies:
    postcss "^6.0.0"

postcss-replace-overflow-wrap@^2.0.0:
  version "2.0.0"
  resolved "https://registry.yarnpkg.com/postcss-replace-overflow-wrap/-/postcss-replace-overflow-wrap-2.0.0.tgz#794db6faa54f8db100854392a93af45768b4e25b"
  dependencies:
    postcss "^6.0.1"

postcss-selector-matches@^3.0.0, postcss-selector-matches@^3.0.1:
  version "3.0.1"
  resolved "https://registry.yarnpkg.com/postcss-selector-matches/-/postcss-selector-matches-3.0.1.tgz#e5634011e13950881861bbdd58c2d0111ffc96ab"
  dependencies:
    balanced-match "^0.4.2"
    postcss "^6.0.1"

postcss-selector-not@^3.0.1:
  version "3.0.1"
  resolved "https://registry.yarnpkg.com/postcss-selector-not/-/postcss-selector-not-3.0.1.tgz#2e4db2f0965336c01e7cec7db6c60dff767335d9"
  dependencies:
    balanced-match "^0.4.2"
    postcss "^6.0.1"

postcss-selector-parser@^2.2.2, postcss-selector-parser@^2.2.3:
  version "2.2.3"
  resolved "https://registry.yarnpkg.com/postcss-selector-parser/-/postcss-selector-parser-2.2.3.tgz#f9437788606c3c9acee16ffe8d8b16297f27bb90"
  dependencies:
    flatten "^1.0.2"
    indexes-of "^1.0.1"
    uniq "^1.0.1"

postcss-value-parser@^3.2.3, postcss-value-parser@^3.3.0:
  version "3.3.0"
  resolved "https://registry.yarnpkg.com/postcss-value-parser/-/postcss-value-parser-3.3.0.tgz#87f38f9f18f774a4ab4c8a232f5c5ce8872a9d15"

postcss@^6.0.0, postcss@^6.0.1, postcss@^6.0.11, postcss@^6.0.13, postcss@^6.0.5, postcss@^6.0.6:
  version "6.0.13"
  resolved "https://registry.yarnpkg.com/postcss/-/postcss-6.0.13.tgz#b9ecab4ee00c89db3ec931145bd9590bbf3f125f"
  dependencies:
    chalk "^2.1.0"
    source-map "^0.6.1"
    supports-color "^4.4.0"

private@^0.1.6:
  version "0.1.8"
  resolved "https://registry.yarnpkg.com/private/-/private-0.1.8.tgz#2381edb3689f7a53d653190060fcf822d2f368ff"

reduce-css-calc@^1.2.7:
  version "1.3.0"
  resolved "https://registry.yarnpkg.com/reduce-css-calc/-/reduce-css-calc-1.3.0.tgz#747c914e049614a4c9cfbba629871ad1d2927716"
  dependencies:
    balanced-match "^0.4.2"
    math-expression-evaluator "^1.2.14"
    reduce-function-call "^1.0.1"

reduce-css-calc@^2.0.0:
  version "2.1.0"
  resolved "https://registry.yarnpkg.com/reduce-css-calc/-/reduce-css-calc-2.1.0.tgz#a7a334e26631baf959bbe131ad8469ae443c408a"
  dependencies:
    css-unit-converter "^1.1.1"
    postcss-value-parser "^3.3.0"

reduce-function-call@^1.0.1, reduce-function-call@^1.0.2:
  version "1.0.2"
  resolved "https://registry.yarnpkg.com/reduce-function-call/-/reduce-function-call-1.0.2.tgz#5a200bf92e0e37751752fe45b0ab330fd4b6be99"
  dependencies:
    balanced-match "^0.4.2"

regenerate@^1.2.1:
  version "1.3.3"
  resolved "https://registry.yarnpkg.com/regenerate/-/regenerate-1.3.3.tgz#0c336d3980553d755c39b586ae3b20aa49c82b7f"

regenerator-runtime@^0.11.0:
  version "0.11.0"
  resolved "https://registry.yarnpkg.com/regenerator-runtime/-/regenerator-runtime-0.11.0.tgz#7e54fe5b5ccd5d6624ea6255c3473be090b802e1"

regenerator-transform@^0.10.0:
  version "0.10.1"
  resolved "https://registry.yarnpkg.com/regenerator-transform/-/regenerator-transform-0.10.1.tgz#1e4996837231da8b7f3cf4114d71b5691a0680dd"
  dependencies:
    babel-runtime "^6.18.0"
    babel-types "^6.19.0"
    private "^0.1.6"

regexpu-core@^2.0.0:
  version "2.0.0"
  resolved "https://registry.yarnpkg.com/regexpu-core/-/regexpu-core-2.0.0.tgz#49d038837b8dcf8bfa5b9a42139938e6ea2ae240"
  dependencies:
    regenerate "^1.2.1"
    regjsgen "^0.2.0"
    regjsparser "^0.1.4"

regjsgen@^0.2.0:
  version "0.2.0"
  resolved "https://registry.yarnpkg.com/regjsgen/-/regjsgen-0.2.0.tgz#6c016adeac554f75823fe37ac05b92d5a4edb1f7"

regjsparser@^0.1.4:
  version "0.1.5"
  resolved "https://registry.yarnpkg.com/regjsparser/-/regjsparser-0.1.5.tgz#7ee8f84dc6fa792d3fd0ae228d24bd949ead205c"
  dependencies:
    jsesc "~0.5.0"

rgb-hex@^2.1.0:
  version "2.1.0"
  resolved "https://registry.yarnpkg.com/rgb-hex/-/rgb-hex-2.1.0.tgz#c773c5fe2268a25578d92539a82a7a5ce53beda6"

rgb@~0.1.0:
  version "0.1.0"
  resolved "https://registry.yarnpkg.com/rgb/-/rgb-0.1.0.tgz#be27b291e8feffeac1bd99729721bfa40fc037b5"

semver@^5.3.0:
  version "5.4.1"
  resolved "https://registry.yarnpkg.com/semver/-/semver-5.4.1.tgz#e059c09d8571f0540823733433505d3a2f00b18e"

simple-swizzle@^0.2.2:
  version "0.2.2"
  resolved "https://registry.yarnpkg.com/simple-swizzle/-/simple-swizzle-0.2.2.tgz#a4da6b635ffcccca33f70d17cb92592de95e557a"
  dependencies:
    is-arrayish "^0.3.1"

source-map@^0.6.1:
  version "0.6.1"
  resolved "https://registry.yarnpkg.com/source-map/-/source-map-0.6.1.tgz#74722af32e9614e9c287a8d0bbde48b5e2f1a263"

strip-ansi@^3.0.0:
  version "3.0.1"
  resolved "https://registry.yarnpkg.com/strip-ansi/-/strip-ansi-3.0.1.tgz#6a385fb8853d952d5ff05d0e8aaf94278dc63dcf"
  dependencies:
    ansi-regex "^2.0.0"

supports-color@^2.0.0:
  version "2.0.0"
  resolved "https://registry.yarnpkg.com/supports-color/-/supports-color-2.0.0.tgz#535d045ce6b6363fa40117084629995e9df324c7"

supports-color@^4.0.0, supports-color@^4.4.0:
  version "4.4.0"
  resolved "https://registry.yarnpkg.com/supports-color/-/supports-color-4.4.0.tgz#883f7ddabc165142b2a61427f3352ded195d1a3e"
  dependencies:
    has-flag "^2.0.0"

to-fast-properties@^1.0.3:
  version "1.0.3"
  resolved "https://registry.yarnpkg.com/to-fast-properties/-/to-fast-properties-1.0.3.tgz#b83571fa4d8c25b82e231b06e3a3055de4ca1a47"

uniq@^1.0.1:
  version "1.0.1"
  resolved "https://registry.yarnpkg.com/uniq/-/uniq-1.0.1.tgz#b31c5ae8254844a3a8281541ce2b04b865a734ff"

units-css@^0.4.0:
  version "0.4.0"
  resolved "https://registry.yarnpkg.com/units-css/-/units-css-0.4.0.tgz#d6228653a51983d7c16ff28f8b9dc3b1ffed3a07"
  dependencies:
    isnumeric "^0.2.0"
    viewport-dimensions "^0.2.0"

viewport-dimensions@^0.2.0:
  version "0.2.0"
  resolved "https://registry.yarnpkg.com/viewport-dimensions/-/viewport-dimensions-0.2.0.tgz#de740747db5387fd1725f5175e91bac76afdf36c"
